PODS:
  - IdleTimer (0.9.1)
  - PubNub (4.7.6):
    - PubNub/Core (= 4.7.6)
  - PubNub/Core (4.7.6)

DEPENDENCIES:
  - IdleTimer
  - PubNub

SPEC CHECKSUMS:
  IdleTimer: bbd5f2170b117e6ab6cc776eafa45078d164f835
  PubNub: f788c31977e6ef52c88a7080d7d6d30f896c43b2

PODFILE CHECKSUM: 8c7d9ec40fdbdf9ecc81b71698d15fed48437421

COCOAPODS: 1.4.0
