PODS:
  - IdleTimer (0.8.0)
  - PubNub (4.7.1):
    - PubNub/Core (= 4.7.1)
  - PubNub/Core (4.7.1)

DEPENDENCIES:
  - IdleTimer
  - PubNub

SPEC CHECKSUMS:
  IdleTimer: e38c59b6b7dca0d000901dfccbe0be7906e09b60
  PubNub: 214bf072f81bd809de275c2c5d5f423d79a287f2

PODFILE CHECKSUM: 8c7d9ec40fdbdf9ecc81b71698d15fed48437421

COCOAPODS: 1.3.1
