PODS:
  - IdleTimer (0.8.0)
  - PubNub (4.6.1):
    - PubNub/Core (= 4.6.1)
  - PubNub/Core (4.6.1)

DEPENDENCIES:
  - IdleTimer
  - PubNub

SPEC CHECKSUMS:
  IdleTimer: e38c59b6b7dca0d000901dfccbe0be7906e09b60
  PubNub: 408ba6402a9c712418da738adda12ccc339cbb1e

PODFILE CHECKSUM: 76c3064786ad05f18cbcd1b09666d59b0cbc9dd2

COCOAPODS: 1.2.1
